// !$*UTF8*$!
{
	archiveVersion = 1;
	classes = {
	};
	objectVersion = 55;
	objects = {

/* Begin PBXBuildFile section */
		DEC3143A28C0310E0099D13B /* AppDelegate.swift in Sources */ = {isa = PBXBuildFile; fileRef = DEC3143928C0310E0099D13B /* AppDelegate.swift */; };
		DEC3143C28C0310E0099D13B /* SceneDelegate.swift in Sources */ = {isa = PBXBuildFile; fileRef = DEC3143B28C0310E0099D13B /* SceneDelegate.swift */; };
		DEC3143E28C0310E0099D13B /* ViewController.swift in Sources */ = {isa = PBXBuildFile; fileRef = DEC3143D28C0310E0099D13B /* ViewController.swift */; };
		DEC3144128C0310E0099D13B /* Main.storyboard in Resources */ = {isa = PBXBuildFile; fileRef = DEC3143F28C0310E0099D13B /* Main.storyboard */; };
		DEC3144328C031150099D13B /* Assets.xcassets in Resources */ = {isa = PBXBuildFile; fileRef = DEC3144228C031150099D13B /* Assets.xcassets */; };
		DEC3144628C031150099D13B /* LaunchScreen.storyboard in Resources */ = {isa = PBXBuildFile; fileRef = DEC3144428C031150099D13B /* LaunchScreen.storyboard */; };
		DEC3145128C031150099D13B /* HelloWorldTests.swift in Sources */ = {isa = PBXBuildFile; fileRef = DEC3145028C031150099D13B /* HelloWorldTests.swift */; };
		DEC3145B28C031150099D13B /* HelloWorldUITests.swift in Sources */ = {isa = PBXBuildFile; fileRef = DEC3145A28C031150099D13B /* HelloWorldUITests.swift */; };
		DEC3145D28C031150099D13B /* HelloWorldUITestsLaunchTests.swift in Sources */ = {isa = PBXBuildFile; fileRef = DEC3145C28C031150099D13B /* HelloWorldUITestsLaunchTests.swift */; };
		DEC3146A28C043CC0099D13B /* DetailViewController.swift in Sources */ = {isa = PBXBuildFile; fileRef = DEC3146928C043CC0099D13B /* DetailViewController.swift */; };
		DEC3146C28C04E7B0099D13B /* ListViewController.swift in Sources */ = {isa = PBXBuildFile; fileRef = DEC3146B28C04E7B0099D13B /* ListViewController.swift */; };
		DEC3146E28C0542F0099D13B /* Tweet.swift in Sources */ = {isa = PBXBuildFile; fileRef = DEC3146D28C0542F0099D13B /* Tweet.swift */; };
		DEC3147128C06C0B0099D13B /* PostViewController.swift in Sources */ = {isa = PBXBuildFile; fileRef = DEC3147028C06C0B0099D13B /* PostViewController.swift */; };
		DEC3147328C06D080099D13B /* TweetMediator.swift in Sources */ = {isa = PBXBuildFile; fileRef = DEC3147228C06D080099D13B /* TweetMediator.swift */; };
/* End PBXBuildFile section */

/* Begin PBXContainerItemProxy section */
		DEC3144D28C031150099D13B /* PBXContainerItemProxy */ = {
			isa = PBXContainerItemProxy;
			containerPortal = DEC3142E28C0310E0099D13B /* Project object */;
			proxyType = 1;
			remoteGlobalIDString = DEC3143528C0310E0099D13B;
			remoteInfo = HelloWorld;
		};
		DEC3145728C031150099D13B /* PBXContainerItemProxy */ = {
			isa = PBXContainerItemProxy;
			containerPortal = DEC3142E28C0310E0099D13B /* Project object */;
			proxyType = 1;
			remoteGlobalIDString = DEC3143528C0310E0099D13B;
			remoteInfo = HelloWorld;
		};
/* End PBXContainerItemProxy section */

/* Begin PBXFileReference section */
		DEC3143628C0310E0099D13B /* HelloWorld.app */ = {isa = PBXFileReference; explicitFileType = wrapper.application; includeInIndex = 0; path = HelloWorld.app; sourceTree = BUILT_PRODUCTS_DIR; };
		DEC3143928C0310E0099D13B /* AppDelegate.swift */ = {isa = PBXFileReference; lastKnownFileType = sourcecode.swift; path = AppDelegate.swift; sourceTree = "<group>"; };
		DEC3143B28C0310E0099D13B /* SceneDelegate.swift */ = {isa = PBXFileReference; lastKnownFileType = sourcecode.swift; path = SceneDelegate.swift; sourceTree = "<group>"; };
		DEC3143D28C0310E0099D13B /* ViewController.swift */ = {isa = PBXFileReference; lastKnownFileType = sourcecode.swift; path = ViewController.swift; sourceTree = "<group>"; };
		DEC3144028C0310E0099D13B /* Base */ = {isa = PBXFileReference; lastKnownFileType = file.storyboard; name = Base; path = Base.lproj/Main.storyboard; sourceTree = "<group>"; };
		DEC3144228C031150099D13B /* Assets.xcassets */ = {isa = PBXFileReference; lastKnownFileType = folder.assetcatalog; path = Assets.xcassets; sourceTree = "<group>"; };
		DEC3144528C031150099D13B /* Base */ = {isa = PBXFileReference; lastKnownFileType = file.storyboard; name = Base; path = Base.lproj/LaunchScreen.storyboard; sourceTree = "<group>"; };
		DEC3144728C031150099D13B /* Info.plist */ = {isa = PBXFileReference; lastKnownFileType = text.plist.xml; path = Info.plist; sourceTree = "<group>"; };
		DEC3144C28C031150099D13B /* HelloWorldTests.xctest */ = {isa = PBXFileReference; explicitFileType = wrapper.cfbundle; includeInIndex = 0; path = HelloWorldTests.xctest; sourceTree = BUILT_PRODUCTS_DIR; };
		DEC3145028C031150099D13B /* HelloWorldTests.swift */ = {isa = PBXFileReference; lastKnownFileType = sourcecode.swift; path = HelloWorldTests.swift; sourceTree = "<group>"; };
		DEC3145628C031150099D13B /* HelloWorldUITests.xctest */ = {isa = PBXFileReference; explicitFileType = wrapper.cfbundle; includeInIndex = 0; path = HelloWorldUITests.xctest; sourceTree = BUILT_PRODUCTS_DIR; };
		DEC3145A28C031150099D13B /* HelloWorldUITests.swift */ = {isa = PBXFileReference; lastKnownFileType = sourcecode.swift; path = HelloWorldUITests.swift; sourceTree = "<group>"; };
		DEC3145C28C031150099D13B /* HelloWorldUITestsLaunchTests.swift */ = {isa = PBXFileReference; lastKnownFileType = sourcecode.swift; path = HelloWorldUITestsLaunchTests.swift; sourceTree = "<group>"; };
		DEC3146928C043CC0099D13B /* DetailViewController.swift */ = {isa = PBXFileReference; lastKnownFileType = sourcecode.swift; path = DetailViewController.swift; sourceTree = "<group>"; };
		DEC3146B28C04E7B0099D13B /* ListViewController.swift */ = {isa = PBXFileReference; lastKnownFileType = sourcecode.swift; path = ListViewController.swift; sourceTree = "<group>"; };
		DEC3146D28C0542F0099D13B /* Tweet.swift */ = {isa = PBXFileReference; lastKnownFileType = sourcecode.swift; path = Tweet.swift; sourceTree = "<group>"; };
		DEC3147028C06C0B0099D13B /* PostViewController.swift */ = {isa = PBXFileReference; lastKnownFileType = sourcecode.swift; path = PostViewController.swift; sourceTree = "<group>"; };
		DEC3147228C06D080099D13B /* TweetMediator.swift */ = {isa = PBXFileReference; lastKnownFileType = sourcecode.swift; path = TweetMediator.swift; sourceTree = "<group>"; };
/* End PBXFileReference section */

/* Begin PBXFrameworksBuildPhase section */
		DEC3143328C0310E0099D13B /* Frameworks */ = {
			isa = PBXFrameworksBuildPhase;
			buildActionMask = 2147483647;
			files = (
			);
			runOnlyForDeploymentPostprocessing = 0;
		};
		DEC3144928C031150099D13B /* Frameworks */ = {
			isa = PBXFrameworksBuildPhase;
			buildActionMask = 2147483647;
			files = (
			);
			runOnlyForDeploymentPostprocessing = 0;
		};
		DEC3145328C031150099D13B /* Frameworks */ = {
			isa = PBXFrameworksBuildPhase;
			buildActionMask = 2147483647;
			files = (
			);
			runOnlyForDeploymentPostprocessing = 0;
		};
/* End PBXFrameworksBuildPhase section */

/* Begin PBXGroup section */
		DEC3142D28C0310E0099D13B = {
			isa = PBXGroup;
			children = (
				DEC3143828C0310E0099D13B /* HelloWorld */,
				DEC3144F28C031150099D13B /* HelloWorldTests */,
				DEC3145928C031150099D13B /* HelloWorldUITests */,
				DEC3143728C0310E0099D13B /* Products */,
			);
			sourceTree = "<group>";
		};
		DEC3143728C0310E0099D13B /* Products */ = {
			isa = PBXGroup;
			children = (
				DEC3143628C0310E0099D13B /* HelloWorld.app */,
				DEC3144C28C031150099D13B /* HelloWorldTests.xctest */,
				DEC3145628C031150099D13B /* HelloWorldUITests.xctest */,
			);
			name = Products;
			sourceTree = "<group>";
		};
		DEC3143828C0310E0099D13B /* HelloWorld */ = {
			isa = PBXGroup;
			children = (
				DEC3143928C0310E0099D13B /* AppDelegate.swift */,
				DEC3143B28C0310E0099D13B /* SceneDelegate.swift */,
				DEC3143D28C0310E0099D13B /* ViewController.swift */,
				DEC3143F28C0310E0099D13B /* Main.storyboard */,
				DEC3144228C031150099D13B /* Assets.xcassets */,
				DEC3144428C031150099D13B /* LaunchScreen.storyboard */,
				DEC3144728C031150099D13B /* Info.plist */,
				DEC3146928C043CC0099D13B /* DetailViewController.swift */,
				DEC3146B28C04E7B0099D13B /* ListViewController.swift */,
				DEC3146D28C0542F0099D13B /* Tweet.swift */,
				DEC3147028C06C0B0099D13B /* PostViewController.swift */,
				DEC3147228C06D080099D13B /* TweetMediator.swift */,
			);
			path = HelloWorld;
			sourceTree = "<group>";
		};
		DEC3144F28C031150099D13B /* HelloWorldTests */ = {
			isa = PBXGroup;
			children = (
				DEC3145028C031150099D13B /* HelloWorldTests.swift */,
			);
			path = HelloWorldTests;
			sourceTree = "<group>";
		};
		DEC3145928C031150099D13B /* HelloWorldUITests */ = {
			isa = PBXGroup;
			children = (
				DEC3145A28C031150099D13B /* HelloWorldUITests.swift */,
				DEC3145C28C031150099D13B /* HelloWorldUITestsLaunchTests.swift */,
			);
			path = HelloWorldUITests;
			sourceTree = "<group>";
		};
/* End PBXGroup section */

/* Begin PBXNativeTarget section */
		DEC3143528C0310E0099D13B /* HelloWorld */ = {
			isa = PBXNativeTarget;
			buildConfigurationList = DEC3146028C031150099D13B /* Build configuration list for PBXNativeTarget "HelloWorld" */;
			buildPhases = (
				DEC3143228C0310E0099D13B /* Sources */,
				DEC3143328C0310E0099D13B /* Frameworks */,
				DEC3143428C0310E0099D13B /* Resources */,
			);
			buildRules = (
			);
			dependencies = (
			);
			name = HelloWorld;
			productName = HelloWorld;
			productReference = DEC3143628C0310E0099D13B /* HelloWorld.app */;
			productType = "com.apple.product-type.application";
		};
		DEC3144B28C031150099D13B /* HelloWorldTests */ = {
			isa = PBXNativeTarget;
			buildConfigurationList = DEC3146328C031150099D13B /* Build configuration list for PBXNativeTarget "HelloWorldTests" */;
			buildPhases = (
				DEC3144828C031150099D13B /* Sources */,
				DEC3144928C031150099D13B /* Frameworks */,
				DEC3144A28C031150099D13B /* Resources */,
			);
			buildRules = (
			);
			dependencies = (
				DEC3144E28C031150099D13B /* PBXTargetDependency */,
			);
			name = HelloWorldTests;
			productName = HelloWorldTests;
			productReference = DEC3144C28C031150099D13B /* HelloWorldTests.xctest */;
			productType = "com.apple.product-type.bundle.unit-test";
		};
		DEC3145528C031150099D13B /* HelloWorldUITests */ = {
			isa = PBXNativeTarget;
			buildConfigurationList = DEC3146628C031150099D13B /* Build configuration list for PBXNativeTarget "HelloWorldUITests" */;
			buildPhases = (
				DEC3145228C031150099D13B /* Sources */,
				DEC3145328C031150099D13B /* Frameworks */,
				DEC3145428C031150099D13B /* Resources */,
			);
			buildRules = (
			);
			dependencies = (
				DEC3145828C031150099D13B /* PBXTargetDependency */,
			);
			name = HelloWorldUITests;
			productName = HelloWorldUITests;
			productReference = DEC3145628C031150099D13B /* HelloWorldUITests.xctest */;
			productType = "com.apple.product-type.bundle.ui-testing";
		};
/* End PBXNativeTarget section */

/* Begin PBXProject section */
		DEC3142E28C0310E0099D13B /* Project object */ = {
			isa = PBXProject;
			attributes = {
				BuildIndependentTargetsInParallel = 1;
				LastSwiftUpdateCheck = 1340;
				LastUpgradeCheck = 1340;
				TargetAttributes = {
					DEC3143528C0310E0099D13B = {
						CreatedOnToolsVersion = 13.4.1;
					};
					DEC3144B28C031150099D13B = {
						CreatedOnToolsVersion = 13.4.1;
						TestTargetID = DEC3143528C0310E0099D13B;
					};
					DEC3145528C031150099D13B = {
						CreatedOnToolsVersion = 13.4.1;
						TestTargetID = DEC3143528C0310E0099D13B;
					};
				};
			};
			buildConfigurationList = DEC3143128C0310E0099D13B /* Build configuration list for PBXProject "HelloWorld" */;
			compatibilityVersion = "Xcode 13.0";
			developmentRegion = en;
			hasScannedForEncodings = 0;
			knownRegions = (
				en,
				Base,
			);
			mainGroup = DEC3142D28C0310E0099D13B;
			productRefGroup = DEC3143728C0310E0099D13B /* Products */;
			projectDirPath = "";
			projectRoot = "";
			targets = (
				DEC3143528C0310E0099D13B /* HelloWorld */,
				DEC3144B28C031150099D13B /* HelloWorldTests */,
				DEC3145528C031150099D13B /* HelloWorldUITests */,
			);
		};
/* End PBXProject section */

/* Begin PBXResourcesBuildPhase section */
		DEC3143428C0310E0099D13B /* Resources */ = {
			isa = PBXResourcesBuildPhase;
			buildActionMask = 2147483647;
			files = (
				DEC3144628C031150099D13B /* LaunchScreen.storyboard in Resources */,
				DEC3144328C031150099D13B /* Assets.xcassets in Resources */,
				DEC3144128C0310E0099D13B /* Main.storyboard in Resources */,
			);
			runOnlyForDeploymentPostprocessing = 0;
		};
		DEC3144A28C031150099D13B /* Resources */ = {
			isa = PBXResourcesBuildPhase;
			buildActionMask = 2147483647;
			files = (
			);
			runOnlyForDeploymentPostprocessing = 0;
		};
		DEC3145428C031150099D13B /* Resources */ = {
			isa = PBXResourcesBuildPhase;
			buildActionMask = 2147483647;
			files = (
			);
			runOnlyForDeploymentPostprocessing = 0;
		};
/* End PBXResourcesBuildPhase section */

/* Begin PBXSourcesBuildPhase section */
		DEC3143228C0310E0099D13B /* Sources */ = {
			isa = PBXSourcesBuildPhase;
			buildActionMask = 2147483647;
			files = (
				DEC3143E28C0310E0099D13B /* ViewController.swift in Sources */,
				DEC3143A28C0310E0099D13B /* AppDelegate.swift in Sources */,
				DEC3147128C06C0B0099D13B /* PostViewController.swift in Sources */,
				DEC3143C28C0310E0099D13B /* SceneDelegate.swift in Sources */,
				DEC3147328C06D080099D13B /* TweetMediator.swift in Sources */,
				DEC3146E28C0542F0099D13B /* Tweet.swift in Sources */,
				DEC3146C28C04E7B0099D13B /* ListViewController.swift in Sources */,
				DEC3146A28C043CC0099D13B /* DetailViewController.swift in Sources */,
			);
			runOnlyForDeploymentPostprocessing = 0;
		};
		DEC3144828C031150099D13B /* Sources */ = {
			isa = PBXSourcesBuildPhase;
			buildActionMask = 2147483647;
			files = (
				DEC3145128C031150099D13B /* HelloWorldTests.swift in Sources */,
			);
			runOnlyForDeploymentPostprocessing = 0;
		};
		DEC3145228C031150099D13B /* Sources */ = {
			isa = PBXSourcesBuildPhase;
			buildActionMask = 2147483647;
			files = (
				DEC3145D28C031150099D13B /* HelloWorldUITestsLaunchTests.swift in Sources */,
				DEC3145B28C031150099D13B /* HelloWorldUITests.swift in Sources */,
			);
			runOnlyForDeploymentPostprocessing = 0;
		};
/* End PBXSourcesBuildPhase section */

/* Begin PBXTargetDependency section */
		DEC3144E28C031150099D13B /* PBXTargetDependency */ = {
			isa = PBXTargetDependency;
			target = DEC3143528C0310E0099D13B /* HelloWorld */;
			targetProxy = DEC3144D28C031150099D13B /* PBXContainerItemProxy */;
		};
		DEC3145828C031150099D13B /* PBXTargetDependency */ = {
			isa = PBXTargetDependency;
			target = DEC3143528C0310E0099D13B /* HelloWorld */;
			targetProxy = DEC3145728C031150099D13B /* PBXContainerItemProxy */;
		};
/* End PBXTargetDependency section */

/* Begin PBXVariantGroup section */
		DEC3143F28C0310E0099D13B /* Main.storyboard */ = {
			isa = PBXVariantGroup;
			children = (
				DEC3144028C0310E0099D13B /* Base */,
			);
			name = Main.storyboard;
			sourceTree = "<group>";
		};
		DEC3144428C031150099D13B /* LaunchScreen.storyboard */ = {
			isa = PBXVariantGroup;
			children = (
				DEC3144528C031150099D13B /* Base */,
			);
			name = LaunchScreen.storyboard;
			sourceTree = "<group>";
		};
/* End PBXVariantGroup section */

/* Begin XCBuildConfiguration section */
		DEC3145E28C031150099D13B /* Debug */ = {
			isa = XCBuildConfiguration;
			buildSettings = {
				ALWAYS_SEARCH_USER_PATHS = NO;
				CLANG_ANALYZER_NONNULL = YES;
				CLANG_ANALYZER_NUMBER_OBJECT_CONVERSION = YES_AGGRESSIVE;
				CLANG_CXX_LANGUAGE_STANDARD = "gnu++17";
				CLANG_ENABLE_MODULES = YES;
				CLANG_ENABLE_OBJC_ARC = YES;
				CLANG_ENABLE_OBJC_WEAK = YES;
				CLANG_WARN_BLOCK_CAPTURE_AUTORELEASING = YES;
				CLANG_WARN_BOOL_CONVERSION = YES;
				CLANG_WARN_COMMA = YES;
				CLANG_WARN_CONSTANT_CONVERSION = YES;
				CLANG_WARN_DEPRECATED_OBJC_IMPLEMENTATIONS = YES;
				CLANG_WARN_DIRECT_OBJC_ISA_USAGE = YES_ERROR;
				CLANG_WARN_DOCUMENTATION_COMMENTS = YES;
				CLANG_WARN_EMPTY_BODY = YES;
				CLANG_WARN_ENUM_CONVERSION = YES;
				CLANG_WARN_INFINITE_RECURSION = YES;
				CLANG_WARN_INT_CONVERSION = YES;
				CLANG_WARN_NON_LITERAL_NULL_CONVERSION = YES;
				CLANG_WARN_OBJC_IMPLICIT_RETAIN_SELF = YES;
				CLANG_WARN_OBJC_LITERAL_CONVERSION = YES;
				CLANG_WARN_OBJC_ROOT_CLASS = YES_ERROR;
				CLANG_WARN_QUOTED_INCLUDE_IN_FRAMEWORK_HEADER = YES;
				CLANG_WARN_RANGE_LOOP_ANALYSIS = YES;
				CLANG_WARN_STRICT_PROTOTYPES = YES;
				CLANG_WARN_SUSPICIOUS_MOVE = YES;
				CLANG_WARN_UNGUARDED_AVAILABILITY = YES_AGGRESSIVE;
				CLANG_WARN_UNREACHABLE_CODE = YES;
				CLANG_WARN__DUPLICATE_METHOD_MATCH = YES;
				COPY_PHASE_STRIP = NO;
				DEBUG_INFORMATION_FORMAT = dwarf;
				ENABLE_STRICT_OBJC_MSGSEND = YES;
				ENABLE_TESTABILITY = YES;
				GCC_C_LANGUAGE_STANDARD = gnu11;
				GCC_DYNAMIC_NO_PIC = NO;
				GCC_NO_COMMON_BLOCKS = YES;
				GCC_OPTIMIZATION_LEVEL = 0;
				GCC_PREPROCESSOR_DEFINITIONS = (
					"DEBUG=1",
					"$(inherited)",
				);
				GCC_WARN_64_TO_32_BIT_CONVERSION = YES;
				GCC_WARN_ABOUT_RETURN_TYPE = YES_ERROR;
				GCC_WARN_UNDECLARED_SELECTOR = YES;
				GCC_WARN_UNINITIALIZED_AUTOS = YES_AGGRESSIVE;
				GCC_WARN_UNUSED_FUNCTION = YES;
				GCC_WARN_UNUSED_VARIABLE = YES;
				IPHONEOS_DEPLOYMENT_TARGET = 15.5;
				MTL_ENABLE_DEBUG_INFO = INCLUDE_SOURCE;
				MTL_FAST_MATH = YES;
				ONLY_ACTIVE_ARCH = YES;
				SDKROOT = iphoneos;
				SWIFT_ACTIVE_COMPILATION_CONDITIONS = DEBUG;
				SWIFT_OPTIMIZATION_LEVEL = "-Onone";
			};
			name = Debug;
		};
		DEC3145F28C031150099D13B /* Release */ = {
			isa = XCBuildConfiguration;
			buildSettings = {
				ALWAYS_SEARCH_USER_PATHS = NO;
				CLANG_ANALYZER_NONNULL = YES;
				CLANG_ANALYZER_NUMBER_OBJECT_CONVERSION = YES_AGGRESSIVE;
				CLANG_CXX_LANGUAGE_STANDARD = "gnu++17";
				CLANG_ENABLE_MODULES = YES;
				CLANG_ENABLE_OBJC_ARC = YES;
				CLANG_ENABLE_OBJC_WEAK = YES;
				CLANG_WARN_BLOCK_CAPTURE_AUTORELEASING = YES;
				CLANG_WARN_BOOL_CONVERSION = YES;
				CLANG_WARN_COMMA = YES;
				CLANG_WARN_CONSTANT_CONVERSION = YES;
				CLANG_WARN_DEPRECATED_OBJC_IMPLEMENTATIONS = YES;
				CLANG_WARN_DIRECT_OBJC_ISA_USAGE = YES_ERROR;
				CLANG_WARN_DOCUMENTATION_COMMENTS = YES;
				CLANG_WARN_EMPTY_BODY = YES;
				CLANG_WARN_ENUM_CONVERSION = YES;
				CLANG_WARN_INFINITE_RECURSION = YES;
				CLANG_WARN_INT_CONVERSION = YES;
				CLANG_WARN_NON_LITERAL_NULL_CONVERSION = YES;
				CLANG_WARN_OBJC_IMPLICIT_RETAIN_SELF = YES;
				CLANG_WARN_OBJC_LITERAL_CONVERSION = YES;
				CLANG_WARN_OBJC_ROOT_CLASS = YES_ERROR;
				CLANG_WARN_QUOTED_INCLUDE_IN_FRAMEWORK_HEADER = YES;
				CLANG_WARN_RANGE_LOOP_ANALYSIS = YES;
				CLANG_WARN_STRICT_PROTOTYPES = YES;
				CLANG_WARN_SUSPICIOUS_MOVE = YES;
				CLANG_WARN_UNGUARDED_AVAILABILITY = YES_AGGRESSIVE;
				CLANG_WARN_UNREACHABLE_CODE = YES;
				CLANG_WARN__DUPLICATE_METHOD_MATCH = YES;
				COPY_PHASE_STRIP = NO;
				DEBUG_INFORMATION_FORMAT = "dwarf-with-dsym";
				ENABLE_NS_ASSERTIONS = NO;
				ENABLE_STRICT_OBJC_MSGSEND = YES;
				GCC_C_LANGUAGE_STANDARD = gnu11;
				GCC_NO_COMMON_BLOCKS = YES;
				GCC_WARN_64_TO_32_BIT_CONVERSION = YES;
				GCC_WARN_ABOUT_RETURN_TYPE = YES_ERROR;
				GCC_WARN_UNDECLARED_SELECTOR = YES;
				GCC_WARN_UNINITIALIZED_AUTOS = YES_AGGRESSIVE;
				GCC_WARN_UNUSED_FUNCTION = YES;
				GCC_WARN_UNUSED_VARIABLE = YES;
				IPHONEOS_DEPLOYMENT_TARGET = 15.5;
				MTL_ENABLE_DEBUG_INFO = NO;
				MTL_FAST_MATH = YES;
				SDKROOT = iphoneos;
				SWIFT_COMPILATION_MODE = wholemodule;
				SWIFT_OPTIMIZATION_LEVEL = "-O";
				VALIDATE_PRODUCT = YES;
			};
			name = Release;
		};
		DEC3146128C031150099D13B /* Debug */ = {
			isa = XCBuildConfiguration;
			buildSettings = {
				ASSETCATALOG_COMPILER_APPICON_NAME = AppIcon;
				ASSETCATALOG_COMPILER_GLOBAL_ACCENT_COLOR_NAME = AccentColor;
				CODE_SIGN_STYLE = Automatic;
				CURRENT_PROJECT_VERSION = 1;
				GENERATE_INFOPLIST_FILE = YES;
				INFOPLIST_FILE = HelloWorld/Info.plist;
				INFOPLIST_KEY_UIApplicationSupportsIndirectInputEvents = YES;
				INFOPLIST_KEY_UILaunchStoryboardName = LaunchScreen;
				INFOPLIST_KEY_UIMainStoryboardFile = Main;
				INFOPLIST_KEY_UISupportedInterfaceOrientations = "UIInterfaceOrientationPortrait UIInterfaceOrientationLandscapeLeft UIInterfaceOrientationLandscapeRight";
				INFOPLIST_KEY_UISupportedInterfaceOrientations_iPad = "UIInterfaceOrientationPortrait UIInterfaceOrientationPortraitUpsideDown UIInterfaceOrientationLandscapeLeft UIInterfaceOrientationLandscapeRight";
				INFOPLIST_KEY_UISupportedInterfaceOrientations_iPhone = "UIInterfaceOrientationPortrait UIInterfaceOrientationLandscapeLeft UIInterfaceOrientationLandscapeRight";
				IPHONEOS_DEPLOYMENT_TARGET = 13.0;
				LD_RUNPATH_SEARCH_PATHS = (
					"$(inherited)",
					"@executable_path/Frameworks",
				);
				MARKETING_VERSION = 1.0;
				PRODUCT_BUNDLE_IDENTIFIER = "com.s-sugano.HelloWorld";
				PRODUCT_NAME = "$(TARGET_NAME)";
				SWIFT_EMIT_LOC_STRINGS = YES;
				SWIFT_VERSION = 5.0;
				TARGETED_DEVICE_FAMILY = "1,2";
			};
			name = Debug;
		};
		DEC3146228C031150099D13B /* Release */ = {
			isa = XCBuildConfiguration;
			buildSettings = {
				ASSETCATALOG_COMPILER_APPICON_NAME = AppIcon;
				ASSETCATALOG_COMPILER_GLOBAL_ACCENT_COLOR_NAME = AccentColor;
				CODE_SIGN_STYLE = Automatic;
				CURRENT_PROJECT_VERSION = 1;
				GENERATE_INFOPLIST_FILE = YES;
				INFOPLIST_FILE = HelloWorld/Info.plist;
				INFOPLIST_KEY_UIApplicationSupportsIndirectInputEvents = YES;
				INFOPLIST_KEY_UILaunchStoryboardName = LaunchScreen;
				INFOPLIST_KEY_UIMainStoryboardFile = Main;
				INFOPLIST_KEY_UISupportedInterfaceOrientations = "UIInterfaceOrientationPortrait UIInterfaceOrientationLandscapeLeft UIInterfaceOrientationLandscapeRight";
				INFOPLIST_KEY_UISupportedInterfaceOrientations_iPad = "UIInterfaceOrientationPortrait UIInterfaceOrientationPortraitUpsideDown UIInterfaceOrientationLandscapeLeft UIInterfaceOrientationLandscapeRight";
				INFOPLIST_KEY_UISupportedInterfaceOrientations_iPhone = "UIInterfaceOrientationPortrait UIInterfaceOrientationLandscapeLeft UIInterfaceOrientationLandscapeRight";
				IPHONEOS_DEPLOYMENT_TARGET = 13.0;
				LD_RUNPATH_SEARCH_PATHS = (
					"$(inherited)",
					"@executable_path/Frameworks",
				);
				MARKETING_VERSION = 1.0;
				PRODUCT_BUNDLE_IDENTIFIER = "com.s-sugano.HelloWorld";
				PRODUCT_NAME = "$(TARGET_NAME)";
				SWIFT_EMIT_LOC_STRINGS = YES;
				SWIFT_VERSION = 5.0;
				TARGETED_DEVICE_FAMILY = "1,2";
			};
			name = Release;
		};
		DEC3146428C031150099D13B /* Debug */ = {
			isa = XCBuildConfiguration;
			buildSettings = {
				ALWAYS_EMBED_SWIFT_STANDARD_LIBRARIES = YES;
				BUNDLE_LOADER = "$(TEST_HOST)";
				CODE_SIGN_STYLE = Automatic;
				CURRENT_PROJECT_VERSION = 1;
				GENERATE_INFOPLIST_FILE = YES;
				IPHONEOS_DEPLOYMENT_TARGET = 15.5;
				MARKETING_VERSION = 1.0;
				PRODUCT_BUNDLE_IDENTIFIER = "com.s-sugano.HelloWorldTests";
				PRODUCT_NAME = "$(TARGET_NAME)";
				SWIFT_EMIT_LOC_STRINGS = NO;
				SWIFT_VERSION = 5.0;
				TARGETED_DEVICE_FAMILY = "1,2";
				TEST_HOST = "$(BUILT_PRODUCTS_DIR)/HelloWorld.app/HelloWorld";
			};
			name = Debug;
		};
		DEC3146528C031150099D13B /* Release */ = {
			isa = XCBuildConfiguration;
			buildSettings = {
				ALWAYS_EMBED_SWIFT_STANDARD_LIBRARIES = YES;
				BUNDLE_LOADER = "$(TEST_HOST)";
				CODE_SIGN_STYLE = Automatic;
				CURRENT_PROJECT_VERSION = 1;
				GENERATE_INFOPLIST_FILE = YES;
				IPHONEOS_DEPLOYMENT_TARGET = 15.5;
				MARKETING_VERSION = 1.0;
				PRODUCT_BUNDLE_IDENTIFIER = "com.s-sugano.HelloWorldTests";
				PRODUCT_NAME = "$(TARGET_NAME)";
				SWIFT_EMIT_LOC_STRINGS = NO;
				SWIFT_VERSION = 5.0;
				TARGETED_DEVICE_FAMILY = "1,2";
				TEST_HOST = "$(BUILT_PRODUCTS_DIR)/HelloWorld.app/HelloWorld";
			};
			name = Release;
		};
		DEC3146728C031150099D13B /* Debug */ = {
			isa = XCBuildConfiguration;
			buildSettings = {
				ALWAYS_EMBED_SWIFT_STANDARD_LIBRARIES = YES;
				CODE_SIGN_STYLE = Automatic;
				CURRENT_PROJECT_VERSION = 1;
				GENERATE_INFOPLIST_FILE = YES;
				MARKETING_VERSION = 1.0;
				PRODUCT_BUNDLE_IDENTIFIER = "com.s-sugano.HelloWorldUITests";
				PRODUCT_NAME = "$(TARGET_NAME)";
				SWIFT_EMIT_LOC_STRINGS = NO;
				SWIFT_VERSION = 5.0;
				TARGETED_DEVICE_FAMILY = "1,2";
				TEST_TARGET_NAME = HelloWorld;
			};
			name = Debug;
		};
		DEC3146828C031150099D13B /* Release */ = {
			isa = XCBuildConfiguration;
			buildSettings = {
				ALWAYS_EMBED_SWIFT_STANDARD_LIBRARIES = YES;
				CODE_SIGN_STYLE = Automatic;
				CURRENT_PROJECT_VERSION = 1;
				GENERATE_INFOPLIST_FILE = YES;
				MARKETING_VERSION = 1.0;
				PRODUCT_BUNDLE_IDENTIFIER = "com.s-sugano.HelloWorldUITests";
				PRODUCT_NAME = "$(TARGET_NAME)";
				SWIFT_EMIT_LOC_STRINGS = NO;
				SWIFT_VERSION = 5.0;
				TARGETED_DEVICE_FAMILY = "1,2";
				TEST_TARGET_NAME = HelloWorld;
			};
			name = Release;
		};
/* End XCBuildConfiguration section */

/* Begin XCConfigurationList section */
		DEC3143128C0310E0099D13B /* Build configuration list for PBXProject "HelloWorld" */ = {
			isa = XCConfigurationList;
			buildConfigurations = (
				DEC3145E28C031150099D13B /* Debug */,
				DEC3145F28C031150099D13B /* Release */,
			);
			defaultConfigurationIsVisible = 0;
			defaultConfigurationName = Release;
		};
		DEC3146028C031150099D13B /* Build configuration list for PBXNativeTarget "HelloWorld" */ = {
			isa = XCConfigurationList;
			buildConfigurations = (
				DEC3146128C031150099D13B /* Debug */,
				DEC3146228C031150099D13B /* Release */,
			);
			defaultConfigurationIsVisible = 0;
			defaultConfigurationName = Release;
		};
		DEC3146328C031150099D13B /* Build configuration list for PBXNativeTarget "HelloWorldTests" */ = {
			isa = XCConfigurationList;
			buildConfigurations = (
				DEC3146428C031150099D13B /* Debug */,
				DEC3146528C031150099D13B /* Release */,
			);
			defaultConfigurationIsVisible = 0;
			defaultConfigurationName = Release;
		};
		DEC3146628C031150099D13B /* Build configuration list for PBXNativeTarget "HelloWorldUITests" */ = {
			isa = XCConfigurationList;
			buildConfigurations = (
				DEC3146728C031150099D13B /* Debug */,
				DEC3146828C031150099D13B /* Release */,
			);
			defaultConfigurationIsVisible = 0;
			defaultConfigurationName = Release;
		};
/* End XCConfigurationList section */
	};
	rootObject = DEC3142E28C0310E0099D13B /* Project object */;
}
